// !$*UTF8*$!
{
	archiveVersion = 1;
	classes = {
	};
	objectVersion = 50;
	objects = {

/* Begin PBXBuildFile section */
		F644E21A245553AF005595A4 /* yourProjectName.framework in Frameworks */ = {isa = PBXBuildFile; fileRef = F644E210245553AE005595A4 /* yourProjectName.framework */; };
		F644E21F245553AF005595A4 /* yourProjectNameTests.swift in Sources */ = {isa = PBXBuildFile; fileRef = F644E21E245553AF005595A4 /* yourProjectNameTests.swift */; };
		F644E221245553AF005595A4 /* yourProjectName.h in Headers */ = {isa = PBXBuildFile; fileRef = F644E213245553AE005595A4 /* yourProjectName.h */; settings = {ATTRIBUTES = (Public, ); }; };
/* End PBXBuildFile section */

/* Begin PBXContainerItemProxy section */
		F644E21B245553AF005595A4 /* PBXContainerItemProxy */ = {
			isa = PBXContainerItemProxy;
			containerPortal = F644E207245553AE005595A4 /* Project object */;
			proxyType = 1;
			remoteGlobalIDString = F644E20F245553AE005595A4;
			remoteInfo = yourProjectName;
		};
/* End PBXContainerItemProxy section */

/* Begin PBXFileReference section */
		F644E210245553AE005595A4 /* yourProjectName.framework */ = {isa = PBXFileReference; explicitFileType = wrapper.framework; includeInIndex = 0; path = yourProjectName.framework; sourceTree = BUILT_PRODUCTS_DIR; };
		F644E213245553AE005595A4 /* yourProjectName.h */ = {isa = PBXFileReference; lastKnownFileType = sourcecode.c.h; path = yourProjectName.h; sourceTree = "<group>"; };
		F644E214245553AE005595A4 /* Info.plist */ = {isa = PBXFileReference; lastKnownFileType = text.plist.xml; path = Info.plist; sourceTree = "<group>"; };
		F644E219245553AF005595A4 /* yourProjectNameTests.xctest */ = {isa = PBXFileReference; explicitFileType = wrapper.cfbundle; includeInIndex = 0; path = yourProjectNameTests.xctest; sourceTree = BUILT_PRODUCTS_DIR; };
		F644E21E245553AF005595A4 /* yourProjectNameTests.swift */ = {isa = PBXFileReference; lastKnownFileType = sourcecode.swift; path = yourProjectNameTests.swift; sourceTree = "<group>"; };
		F644E220245553AF005595A4 /* Info.plist */ = {isa = PBXFileReference; lastKnownFileType = text.plist.xml; path = Info.plist; sourceTree = "<group>"; };
/* End PBXFileReference section */

/* Begin PBXFrameworksBuildPhase section */
		F644E20D245553AE005595A4 /* Frameworks */ = {
			isa = PBXFrameworksBuildPhase;
			buildActionMask = 2147483647;
			files = (
			);
			runOnlyForDeploymentPostprocessing = 0;
		};
		F644E216245553AF005595A4 /* Frameworks */ = {
			isa = PBXFrameworksBuildPhase;
			buildActionMask = 2147483647;
			files = (
				F644E21A245553AF005595A4 /* yourProjectName.framework in Frameworks */,
			);
			runOnlyForDeploymentPostprocessing = 0;
		};
/* End PBXFrameworksBuildPhase section */

/* Begin PBXGroup section */
		F644E206245553AE005595A4 = {
			isa = PBXGroup;
			children = (
				F644E212245553AE005595A4 /* yourProjectName */,
				F644E21D245553AF005595A4 /* yourProjectNameTests */,
				F644E211245553AE005595A4 /* Products */,
			);
			sourceTree = "<group>";
		};
		F644E211245553AE005595A4 /* Products */ = {
			isa = PBXGroup;
			children = (
				F644E210245553AE005595A4 /* yourProjectName.framework */,
				F644E219245553AF005595A4 /* yourProjectNameTests.xctest */,
			);
			name = Products;
			sourceTree = "<group>";
		};
		F644E212245553AE005595A4 /* yourProjectName */ = {
			isa = PBXGroup;
			children = (
				F644E213245553AE005595A4 /* yourProjectName.h */,
				F644E214245553AE005595A4 /* Info.plist */,
			);
			path = yourProjectName;
			sourceTree = "<group>";
		};
		F644E21D245553AF005595A4 /* yourProjectNameTests */ = {
			isa = PBXGroup;
			children = (
				F644E21E245553AF005595A4 /* yourProjectNameTests.swift */,
				F644E220245553AF005595A4 /* Info.plist */,
			);
			path = yourProjectNameTests;
			sourceTree = "<group>";
		};
/* End PBXGroup section */

/* Begin PBXHeadersBuildPhase section */
		F644E20B245553AE005595A4 /* Headers */ = {
			isa = PBXHeadersBuildPhase;
			buildActionMask = 2147483647;
			files = (
				F644E221245553AF005595A4 /* yourProjectName.h in Headers */,
			);
			runOnlyForDeploymentPostprocessing = 0;
		};
/* End PBXHeadersBuildPhase section */

/* Begin PBXNativeTarget section */
		F644E20F245553AE005595A4 /* yourProjectName */ = {
			isa = PBXNativeTarget;
			buildConfigurationList = F644E224245553AF005595A4 /* Build configuration list for PBXNativeTarget "yourProjectName" */;
			buildPhases = (
				F644E20B245553AE005595A4 /* Headers */,
				F644E20C245553AE005595A4 /* Sources */,
				F644E20D245553AE005595A4 /* Frameworks */,
				F644E20E245553AE005595A4 /* Resources */,
			);
			buildRules = (
			);
			dependencies = (
			);
			name = yourProjectName;
			productName = yourProjectName;
			productReference = F644E210245553AE005595A4 /* yourProjectName.framework */;
			productType = "com.apple.product-type.framework";
		};
		F644E218245553AF005595A4 /* yourProjectNameTests */ = {
			isa = PBXNativeTarget;
			buildConfigurationList = F644E227245553AF005595A4 /* Build configuration list for PBXNativeTarget "yourProjectNameTests" */;
			buildPhases = (
				F644E215245553AF005595A4 /* Sources */,
				F644E216245553AF005595A4 /* Frameworks */,
				F644E217245553AF005595A4 /* Resources */,
			);
			buildRules = (
			);
			dependencies = (
				F644E21C245553AF005595A4 /* PBXTargetDependency */,
			);
			name = yourProjectNameTests;
			productName = yourProjectNameTests;
			productReference = F644E219245553AF005595A4 /* yourProjectNameTests.xctest */;
			productType = "com.apple.product-type.bundle.unit-test";
		};
/* End PBXNativeTarget section */

/* Begin PBXProject section */
		F644E207245553AE005595A4 /* Project object */ = {
			isa = PBXProject;
			attributes = {
				LastSwiftUpdateCheck = 1140;
				LastUpgradeCheck = 1140;
				ORGANIZATIONNAME = "Ricardo Herrera Petit";
				TargetAttributes = {
					F644E20F245553AE005595A4 = {
						CreatedOnToolsVersion = 11.4.1;
					};
					F644E218245553AF005595A4 = {
						CreatedOnToolsVersion = 11.4.1;
					};
				};
			};
			buildConfigurationList = F644E20A245553AE005595A4 /* Build configuration list for PBXProject "yourProjectName" */;
			compatibilityVersion = "Xcode 9.3";
			developmentRegion = en;
			hasScannedForEncodings = 0;
			knownRegions = (
				en,
				Base,
			);
			mainGroup = F644E206245553AE005595A4;
			productRefGroup = F644E211245553AE005595A4 /* Products */;
			projectDirPath = "";
			projectRoot = "";
			targets = (
				F644E20F245553AE005595A4 /* yourProjectName */,
				F644E218245553AF005595A4 /* yourProjectNameTests */,
			);
		};
/* End PBXProject section */

/* Begin PBXResourcesBuildPhase section */
		F644E20E245553AE005595A4 /* Resources */ = {
			isa = PBXResourcesBuildPhase;
			buildActionMask = 2147483647;
			files = (
			);
			runOnlyForDeploymentPostprocessing = 0;
		};
		F644E217245553AF005595A4 /* Resources */ = {
			isa = PBXResourcesBuildPhase;
			buildActionMask = 2147483647;
			files = (
			);
			runOnlyForDeploymentPostprocessing = 0;
		};
/* End PBXResourcesBuildPhase section */

/* Begin PBXSourcesBuildPhase section */
		F644E20C245553AE005595A4 /* Sources */ = {
			isa = PBXSourcesBuildPhase;
			buildActionMask = 2147483647;
			files = (
			);
			runOnlyForDeploymentPostprocessing = 0;
		};
		F644E215245553AF005595A4 /* Sources */ = {
			isa = PBXSourcesBuildPhase;
			buildActionMask = 2147483647;
			files = (
				F644E21F245553AF005595A4 /* yourProjectNameTests.swift in Sources */,
			);
			runOnlyForDeploymentPostprocessing = 0;
		};
/* End PBXSourcesBuildPhase section */

/* Begin PBXTargetDependency section */
		F644E21C245553AF005595A4 /* PBXTargetDependency */ = {
			isa = PBXTargetDependency;
			target = F644E20F245553AE005595A4 /* yourProjectName */;
			targetProxy = F644E21B245553AF005595A4 /* PBXContainerItemProxy */;
		};
/* End PBXTargetDependency section */

/* Begin XCBuildConfiguration section */
		F644E222245553AF005595A4 /* Debug */ = {
			isa = XCBuildConfiguration;
			buildSettings = {
				ALWAYS_SEARCH_USER_PATHS = NO;
				CLANG_ANALYZER_NONNULL = YES;
				CLANG_ANALYZER_NUMBER_OBJECT_CONVERSION = YES_AGGRESSIVE;
				CLANG_CXX_LANGUAGE_STANDARD = "gnu++14";
				CLANG_CXX_LIBRARY = "libc++";
				CLANG_ENABLE_MODULES = YES;
				CLANG_ENABLE_OBJC_ARC = YES;
				CLANG_ENABLE_OBJC_WEAK = YES;
				CLANG_WARN_BLOCK_CAPTURE_AUTORELEASING = YES;
				CLANG_WARN_BOOL_CONVERSION = YES;
				CLANG_WARN_COMMA = YES;
				CLANG_WARN_CONSTANT_CONVERSION = YES;
				CLANG_WARN_DEPRECATED_OBJC_IMPLEMENTATIONS = YES;
				CLANG_WARN_DIRECT_OBJC_ISA_USAGE = YES_ERROR;
				CLANG_WARN_DOCUMENTATION_COMMENTS = YES;
				CLANG_WARN_EMPTY_BODY = YES;
				CLANG_WARN_ENUM_CONVERSION = YES;
				CLANG_WARN_INFINITE_RECURSION = YES;
				CLANG_WARN_INT_CONVERSION = YES;
				CLANG_WARN_NON_LITERAL_NULL_CONVERSION = YES;
				CLANG_WARN_OBJC_IMPLICIT_RETAIN_SELF = YES;
				CLANG_WARN_OBJC_LITERAL_CONVERSION = YES;
				CLANG_WARN_OBJC_ROOT_CLASS = YES_ERROR;
				CLANG_WARN_RANGE_LOOP_ANALYSIS = YES;
				CLANG_WARN_STRICT_PROTOTYPES = YES;
				CLANG_WARN_SUSPICIOUS_MOVE = YES;
				CLANG_WARN_UNGUARDED_AVAILABILITY = YES_AGGRESSIVE;
				CLANG_WARN_UNREACHABLE_CODE = YES;
				CLANG_WARN__DUPLICATE_METHOD_MATCH = YES;
				COPY_PHASE_STRIP = NO;
				CURRENT_PROJECT_VERSION = 1;
				DEBUG_INFORMATION_FORMAT = dwarf;
				ENABLE_STRICT_OBJC_MSGSEND = YES;
				ENABLE_TESTABILITY = YES;
				GCC_C_LANGUAGE_STANDARD = gnu11;
				GCC_DYNAMIC_NO_PIC = NO;
				GCC_NO_COMMON_BLOCKS = YES;
				GCC_OPTIMIZATION_LEVEL = 0;
				GCC_PREPROCESSOR_DEFINITIONS = (
					"DEBUG=1",
					"$(inherited)",
				);
				GCC_WARN_64_TO_32_BIT_CONVERSION = YES;
				GCC_WARN_ABOUT_RETURN_TYPE = YES_ERROR;
				GCC_WARN_UNDECLARED_SELECTOR = YES;
				GCC_WARN_UNINITIALIZED_AUTOS = YES_AGGRESSIVE;
				GCC_WARN_UNUSED_FUNCTION = YES;
				GCC_WARN_UNUSED_VARIABLE = YES;
				MACOSX_DEPLOYMENT_TARGET = 10.15;
				MTL_ENABLE_DEBUG_INFO = INCLUDE_SOURCE;
				MTL_FAST_MATH = YES;
				ONLY_ACTIVE_ARCH = YES;
				SDKROOT = macosx;
				SWIFT_ACTIVE_COMPILATION_CONDITIONS = DEBUG;
				SWIFT_OPTIMIZATION_LEVEL = "-Onone";
				VERSIONING_SYSTEM = "apple-generic";
				VERSION_INFO_PREFIX = "";
			};
			name = Debug;
		};
		F644E223245553AF005595A4 /* Release */ = {
			isa = XCBuildConfiguration;
			buildSettings = {
				ALWAYS_SEARCH_USER_PATHS = NO;
				CLANG_ANALYZER_NONNULL = YES;
				CLANG_ANALYZER_NUMBER_OBJECT_CONVERSION = YES_AGGRESSIVE;
				CLANG_CXX_LANGUAGE_STANDARD = "gnu++14";
				CLANG_CXX_LIBRARY = "libc++";
				CLANG_ENABLE_MODULES = YES;
				CLANG_ENABLE_OBJC_ARC = YES;
				CLANG_ENABLE_OBJC_WEAK = YES;
				CLANG_WARN_BLOCK_CAPTURE_AUTORELEASING = YES;
				CLANG_WARN_BOOL_CONVERSION = YES;
				CLANG_WARN_COMMA = YES;
				CLANG_WARN_CONSTANT_CONVERSION = YES;
				CLANG_WARN_DEPRECATED_OBJC_IMPLEMENTATIONS = YES;
				CLANG_WARN_DIRECT_OBJC_ISA_USAGE = YES_ERROR;
				CLANG_WARN_DOCUMENTATION_COMMENTS = YES;
				CLANG_WARN_EMPTY_BODY = YES;
				CLANG_WARN_ENUM_CONVERSION = YES;
				CLANG_WARN_INFINITE_RECURSION = YES;
				CLANG_WARN_INT_CONVERSION = YES;
				CLANG_WARN_NON_LITERAL_NULL_CONVERSION = YES;
				CLANG_WARN_OBJC_IMPLICIT_RETAIN_SELF = YES;
				CLANG_WARN_OBJC_LITERAL_CONVERSION = YES;
				CLANG_WARN_OBJC_ROOT_CLASS = YES_ERROR;
				CLANG_WARN_RANGE_LOOP_ANALYSIS = YES;
				CLANG_WARN_STRICT_PROTOTYPES = YES;
				CLANG_WARN_SUSPICIOUS_MOVE = YES;
				CLANG_WARN_UNGUARDED_AVAILABILITY = YES_AGGRESSIVE;
				CLANG_WARN_UNREACHABLE_CODE = YES;
				CLANG_WARN__DUPLICATE_METHOD_MATCH = YES;
				COPY_PHASE_STRIP = NO;
				CURRENT_PROJECT_VERSION = 1;
				DEBUG_INFORMATION_FORMAT = "dwarf-with-dsym";
				ENABLE_NS_ASSERTIONS = NO;
				ENABLE_STRICT_OBJC_MSGSEND = YES;
				GCC_C_LANGUAGE_STANDARD = gnu11;
				GCC_NO_COMMON_BLOCKS = YES;
				GCC_WARN_64_TO_32_BIT_CONVERSION = YES;
				GCC_WARN_ABOUT_RETURN_TYPE = YES_ERROR;
				GCC_WARN_UNDECLARED_SELECTOR = YES;
				GCC_WARN_UNINITIALIZED_AUTOS = YES_AGGRESSIVE;
				GCC_WARN_UNUSED_FUNCTION = YES;
				GCC_WARN_UNUSED_VARIABLE = YES;
				MACOSX_DEPLOYMENT_TARGET = 10.15;
				MTL_ENABLE_DEBUG_INFO = NO;
				MTL_FAST_MATH = YES;
				SDKROOT = macosx;
				SWIFT_COMPILATION_MODE = wholemodule;
				SWIFT_OPTIMIZATION_LEVEL = "-O";
				VERSIONING_SYSTEM = "apple-generic";
				VERSION_INFO_PREFIX = "";
			};
			name = Release;
		};
		F644E225245553AF005595A4 /* Debug */ = {
			isa = XCBuildConfiguration;
			buildSettings = {
				CODE_SIGN_STYLE = Automatic;
				COMBINE_HIDPI_IMAGES = YES;
				DEFINES_MODULE = YES;
				DEVELOPMENT_TEAM = AMLYNCKP6M;
				DYLIB_COMPATIBILITY_VERSION = 1;
				DYLIB_CURRENT_VERSION = 1;
				DYLIB_INSTALL_NAME_BASE = "@rpath";
				INFOPLIST_FILE = yourProjectName/Info.plist;
				INSTALL_PATH = "$(LOCAL_LIBRARY_DIR)/Frameworks";
				LD_RUNPATH_SEARCH_PATHS = (
					"$(inherited)",
					"@executable_path/../Frameworks",
					"@loader_path/Frameworks",
				);
				PRODUCT_BUNDLE_IDENTIFIER = com.petitcoding.yourProjectName;
				PRODUCT_NAME = "$(TARGET_NAME:c99extidentifier)";
				SKIP_INSTALL = YES;
				SWIFT_VERSION = 5.0;
			};
			name = Debug;
		};
		F644E226245553AF005595A4 /* Release */ = {
			isa = XCBuildConfiguration;
			buildSettings = {
				CODE_SIGN_STYLE = Automatic;
				COMBINE_HIDPI_IMAGES = YES;
				DEFINES_MODULE = YES;
				DEVELOPMENT_TEAM = AMLYNCKP6M;
				DYLIB_COMPATIBILITY_VERSION = 1;
				DYLIB_CURRENT_VERSION = 1;
				DYLIB_INSTALL_NAME_BASE = "@rpath";
				INFOPLIST_FILE = yourProjectName/Info.plist;
				INSTALL_PATH = "$(LOCAL_LIBRARY_DIR)/Frameworks";
				LD_RUNPATH_SEARCH_PATHS = (
					"$(inherited)",
					"@executable_path/../Frameworks",
					"@loader_path/Frameworks",
				);
				PRODUCT_BUNDLE_IDENTIFIER = com.petitcoding.yourProjectName;
				PRODUCT_NAME = "$(TARGET_NAME:c99extidentifier)";
				SKIP_INSTALL = YES;
				SWIFT_VERSION = 5.0;
			};
			name = Release;
		};
		F644E228245553AF005595A4 /* Debug */ = {
			isa = XCBuildConfiguration;
			buildSettings = {
				CODE_SIGN_STYLE = Automatic;
				COMBINE_HIDPI_IMAGES = YES;
				DEVELOPMENT_TEAM = AMLYNCKP6M;
				INFOPLIST_FILE = yourProjectNameTests/Info.plist;
				LD_RUNPATH_SEARCH_PATHS = (
					"$(inherited)",
					"@executable_path/../Frameworks",
					"@loader_path/../Frameworks",
				);
				PRODUCT_BUNDLE_IDENTIFIER = com.petitcoding.yourProjectNameTests;
				PRODUCT_NAME = "$(TARGET_NAME)";
				SWIFT_VERSION = 5.0;
			};
			name = Debug;
		};
		F644E229245553AF005595A4 /* Release */ = {
			isa = XCBuildConfiguration;
			buildSettings = {
				CODE_SIGN_STYLE = Automatic;
				COMBINE_HIDPI_IMAGES = YES;
				DEVELOPMENT_TEAM = AMLYNCKP6M;
				INFOPLIST_FILE = yourProjectNameTests/Info.plist;
				LD_RUNPATH_SEARCH_PATHS = (
					"$(inherited)",
					"@executable_path/../Frameworks",
					"@loader_path/../Frameworks",
				);
				PRODUCT_BUNDLE_IDENTIFIER = com.petitcoding.yourProjectNameTests;
				PRODUCT_NAME = "$(TARGET_NAME)";
				SWIFT_VERSION = 5.0;
			};
			name = Release;
		};
/* End XCBuildConfiguration section */

/* Begin XCConfigurationList section */
		F644E20A245553AE005595A4 /* Build configuration list for PBXProject "yourProjectName" */ = {
			isa = XCConfigurationList;
			buildConfigurations = (
				F644E222245553AF005595A4 /* Debug */,
				F644E223245553AF005595A4 /* Release */,
			);
			defaultConfigurationIsVisible = 0;
			defaultConfigurationName = Release;
		};
		F644E224245553AF005595A4 /* Build configuration list for PBXNativeTarget "yourProjectName" */ = {
			isa = XCConfigurationList;
			buildConfigurations = (
				F644E225245553AF005595A4 /* Debug */,
				F644E226245553AF005595A4 /* Release */,
			);
			defaultConfigurationIsVisible = 0;
			defaultConfigurationName = Release;
		};
		F644E227245553AF005595A4 /* Build configuration list for PBXNativeTarget "yourProjectNameTests" */ = {
			isa = XCConfigurationList;
			buildConfigurations = (
				F644E228245553AF005595A4 /* Debug */,
				F644E229245553AF005595A4 /* Release */,
			);
			defaultConfigurationIsVisible = 0;
			defaultConfigurationName = Release;
		};
/* End XCConfigurationList section */
	};
	rootObject = F644E207245553AE005595A4 /* Project object */;
}
